
Microsoft Visual Studio Solution File, Format Version 11.00
# Visual Studio 2010
Project("{E097FAD1-6243-4DAD-9C02-E9B9EFC3FFC1}") = "Assembly-CSharp", "Assembly-CSharp.csproj", "{928F9A6F-6B5C-207F-B9E6-81183AA0BE83}"
EndProject
Project("{E097FAD1-6243-4DAD-9C02-E9B9EFC3FFC1}") = "Assembly-CSharp-Editor-firstpass", "Assembly-CSharp-Editor-firstpass.csproj", "{EE61BC22-D514-FA5B-9EF1-C6D8F3AB9944}"
EndProject
Global
	GlobalSection(SolutionConfigurationPlatforms) = preSolution
		Debug|Any CPU = Debug|Any CPU
		Release|Any CPU = Release|Any CPU
	EndGlobalSection
	GlobalSection(ProjectConfigurationPlatforms) = postSolution
		{928F9A6F-6B5C-207F-B9E6-81183AA0BE83}.Debug|Any CPU.ActiveCfg = Debug|Any CPU
		{928F9A6F-6B5C-207F-B9E6-81183AA0BE83}.Debug|Any CPU.Build.0 = Debug|Any CPU
		{928F9A6F-6B5C-207F-B9E6-81183AA0BE83}.Release|Any CPU.ActiveCfg = Release|Any CPU
		{928F9A6F-6B5C-207F-B9E6-81183AA0BE83}.Release|Any CPU.Build.0 = Release|Any CPU
		{EE61BC22-D514-FA5B-9EF1-C6D8F3AB9944}.Debug|Any CPU.ActiveCfg = Debug|Any CPU
		{EE61BC22-D514-FA5B-9EF1-C6D8F3AB9944}.Debug|Any CPU.Build.0 = Debug|Any CPU
		{EE61BC22-D514-FA5B-9EF1-C6D8F3AB9944}.Release|Any CPU.ActiveCfg = Release|Any CPU
		{EE61BC22-D514-FA5B-9EF1-C6D8F3AB9944}.Release|Any CPU.Build.0 = Release|Any CPU
	EndGlobalSection
	GlobalSection(SolutionProperties) = preSolution
		HideSolutionNode = FALSE
	EndGlobalSection
	GlobalSection(MonoDevelopProperties) = preSolution
		StartupItem = Assembly-CSharp.csproj
	EndGlobalSection
EndGlobal
